PODS:
  - CATCommonKit (0.2.3):
    - MBProgressHUD (~> 1.2.0)
  - CATPhotoKit (0.1.7):
    - CATCommonKit (~> 0.2.0)
  - MBProgressHUD (1.2.0)

DEPENDENCIES:
  - CATCommonKit (~> 0.2.0)
  - CATPhotoKit (from `../`)
  - MBProgressHUD (~> 1.2.0)

SPEC REPOS:
  https://github.com/CocoaPods/Specs.git:
    - MBProgressHUD
  https://github.com/Huaixing/CATMasterRepos.git:
    - CATCommonKit

EXTERNAL SOURCES:
  CATPhotoKit:
    :path: "../"

SPEC CHECKSUMS:
  CATCommonKit: d96d98dfccdc8cfb47da8827c6c035e314da961b
  CATPhotoKit: 4a9c651e0b69748b4edcf275ce6a7467012ed6ab
  MBProgressHUD: 3ee5efcc380f6a79a7cc9b363dd669c5e1ae7406

PODFILE CHECKSUM: 7f105b13e16d415b67e778a52423fcd88efae169

COCOAPODS: 1.10.0
