PODS:
  - CATCommonKit (0.2.5)
  - CATPhotoKit (0.1.8):
    - CATCommonKit

DEPENDENCIES:
  - CATCommonKit
  - CATPhotoKit (from `../`)

SPEC REPOS:
  https://github.com/Huaixing/CATMasterRepos.git:
    - CATCommonKit

EXTERNAL SOURCES:
  CATPhotoKit:
    :path: "../"

SPEC CHECKSUMS:
  CATCommonKit: bb4799fa8cc2c554f34b824b81b1d6a0137ddbdd
  CATPhotoKit: ec625e9c670a7929e3694a4f5394c014eee0eb05

PODFILE CHECKSUM: 987e268daae1347ace82d82048c2d0f2280face0

COCOAPODS: 1.10.0
